
Microsoft Visual Studio Solution File, Format Version 12.00
# Visual Studio Version 16
VisualStudioVersion = 16.0.29806.167
MinimumVisualStudioVersion = 10.0.40219.1
Project("{FAE04EC0-301F-11D3-BF4B-00C04F79EFBC}") = "ConsoleApp1", "ConsoleApp1\ConsoleApp1.csproj", "{1E02588D-FDCE-4D9F-AE63-681F5E2AA2C2}"
EndProject
Global
	GlobalSection(SolutionConfigurationPlatforms) = preSolution
		Debug|Any CPU = Debug|Any CPU
		Release|Any CPU = Release|Any CPU
	EndGlobalSection
	GlobalSection(ProjectConfigurationPlatforms) = postSolution
		{1E02588D-FDCE-4D9F-AE63-681F5E2AA2C2}.Debug|Any CPU.ActiveCfg = Debug|Any CPU
		{1E02588D-FDCE-4D9F-AE63-681F5E2AA2C2}.Debug|Any CPU.Build.0 = Debug|Any CPU
		{1E02588D-FDCE-4D9F-AE63-681F5E2AA2C2}.Release|Any CPU.ActiveCfg = Release|Any CPU
		{1E02588D-FDCE-4D9F-AE63-681F5E2AA2C2}.Release|Any CPU.Build.0 = Release|Any CPU
	EndGlobalSection
	GlobalSection(SolutionProperties) = preSolution
		HideSolutionNode = FALSE
	EndGlobalSection
	GlobalSection(ExtensibilityGlobals) = postSolution
		SolutionGuid = {0DAB1564-39A8-41DF-A772-AE87EE3C1486}
	EndGlobalSection
EndGlobal
